
Microsoft Visual Studio Solution File, Format Version 12.00
# Visual Studio Version 16
VisualStudioVersion = 16.0.29911.98
MinimumVisualStudioVersion = 10.0.40219.1
Project("{2150E333-8FDC-42A3-9474-1A3956D46DE8}") = "Blazor Server", "Blazor Server", "{CB3D9864-D919-41FF-ACAC-6A09B8E7C149}"
EndProject
Project("{9A19103F-16F7-4668-BE54-9A1E7A4F7556}") = "ServerIndividual", "ServerIndividual\ServerIndividual.csproj", "{047190F4-8D51-47EE-9C6A-D627DA9C1477}"
EndProject
Project("{9A19103F-16F7-4668-BE54-9A1E7A4F7556}") = "ServerB2C", "ServerB2C\ServerB2C.csproj", "{A96C6FF7-82D4-418A-8E21-3C2A6598F33E}"
EndProject
Project("{9A19103F-16F7-4668-BE54-9A1E7A4F7556}") = "WebAssembly", "WebAssembly\WebAssembly.csproj", "{CF4C766B-E79E-4074-842D-7A624D11A905}"
EndProject
Project("{9A19103F-16F7-4668-BE54-9A1E7A4F7556}") = "IdentityProvider", "IdentityProvider\IdentityProvider.csproj", "{3F7509D9-3A9B-4FBD-B563-5FCEF24C81AA}"
EndProject
Project("{9A19103F-16F7-4668-BE54-9A1E7A4F7556}") = "WeatherApi", "WeatherApi\WeatherApi.csproj", "{9C0EA9C2-D8F9-4B05-859C-CA80AD8FAB5D}"
EndProject
Project("{2150E333-8FDC-42A3-9474-1A3956D46DE8}") = "Blazor Wasm", "Blazor Wasm", "{97B1EAFB-4705-48E6-92B1-6F50739043A7}"
EndProject
Project("{9A19103F-16F7-4668-BE54-9A1E7A4F7556}") = "Des.AspNetCore.Permissions", "Des.AspNetCore.Permissions\Des.AspNetCore.Permissions.csproj", "{CCA36E3F-B93F-4427-BD9E-4E5F50AD5D78}"
EndProject
Project("{FAE04EC0-301F-11D3-BF4B-00C04F79EFBC}") = "WebAssembly.Client", "WebAssembly.Client\WebAssembly.Client.csproj", "{FF17FA52-F0EF-4DF5-A464-1B90BD9BB704}"
EndProject
Global
	GlobalSection(SolutionConfigurationPlatforms) = preSolution
		Debug|Any CPU = Debug|Any CPU
		Release|Any CPU = Release|Any CPU
	EndGlobalSection
	GlobalSection(ProjectConfigurationPlatforms) = postSolution
		{047190F4-8D51-47EE-9C6A-D627DA9C1477}.Debug|Any CPU.ActiveCfg = Debug|Any CPU
		{047190F4-8D51-47EE-9C6A-D627DA9C1477}.Debug|Any CPU.Build.0 = Debug|Any CPU
		{047190F4-8D51-47EE-9C6A-D627DA9C1477}.Release|Any CPU.ActiveCfg = Release|Any CPU
		{047190F4-8D51-47EE-9C6A-D627DA9C1477}.Release|Any CPU.Build.0 = Release|Any CPU
		{A96C6FF7-82D4-418A-8E21-3C2A6598F33E}.Debug|Any CPU.ActiveCfg = Debug|Any CPU
		{A96C6FF7-82D4-418A-8E21-3C2A6598F33E}.Debug|Any CPU.Build.0 = Debug|Any CPU
		{A96C6FF7-82D4-418A-8E21-3C2A6598F33E}.Release|Any CPU.ActiveCfg = Release|Any CPU
		{A96C6FF7-82D4-418A-8E21-3C2A6598F33E}.Release|Any CPU.Build.0 = Release|Any CPU
		{CF4C766B-E79E-4074-842D-7A624D11A905}.Debug|Any CPU.ActiveCfg = Debug|Any CPU
		{CF4C766B-E79E-4074-842D-7A624D11A905}.Debug|Any CPU.Build.0 = Debug|Any CPU
		{CF4C766B-E79E-4074-842D-7A624D11A905}.Release|Any CPU.ActiveCfg = Release|Any CPU
		{CF4C766B-E79E-4074-842D-7A624D11A905}.Release|Any CPU.Build.0 = Release|Any CPU
		{3F7509D9-3A9B-4FBD-B563-5FCEF24C81AA}.Debug|Any CPU.ActiveCfg = Debug|Any CPU
		{3F7509D9-3A9B-4FBD-B563-5FCEF24C81AA}.Debug|Any CPU.Build.0 = Debug|Any CPU
		{3F7509D9-3A9B-4FBD-B563-5FCEF24C81AA}.Release|Any CPU.ActiveCfg = Release|Any CPU
		{3F7509D9-3A9B-4FBD-B563-5FCEF24C81AA}.Release|Any CPU.Build.0 = Release|Any CPU
		{9C0EA9C2-D8F9-4B05-859C-CA80AD8FAB5D}.Debug|Any CPU.ActiveCfg = Debug|Any CPU
		{9C0EA9C2-D8F9-4B05-859C-CA80AD8FAB5D}.Debug|Any CPU.Build.0 = Debug|Any CPU
		{9C0EA9C2-D8F9-4B05-859C-CA80AD8FAB5D}.Release|Any CPU.ActiveCfg = Release|Any CPU
		{9C0EA9C2-D8F9-4B05-859C-CA80AD8FAB5D}.Release|Any CPU.Build.0 = Release|Any CPU
		{CCA36E3F-B93F-4427-BD9E-4E5F50AD5D78}.Debug|Any CPU.ActiveCfg = Debug|Any CPU
		{CCA36E3F-B93F-4427-BD9E-4E5F50AD5D78}.Debug|Any CPU.Build.0 = Debug|Any CPU
		{CCA36E3F-B93F-4427-BD9E-4E5F50AD5D78}.Release|Any CPU.ActiveCfg = Release|Any CPU
		{CCA36E3F-B93F-4427-BD9E-4E5F50AD5D78}.Release|Any CPU.Build.0 = Release|Any CPU
		{FF17FA52-F0EF-4DF5-A464-1B90BD9BB704}.Debug|Any CPU.ActiveCfg = Debug|Any CPU
		{FF17FA52-F0EF-4DF5-A464-1B90BD9BB704}.Debug|Any CPU.Build.0 = Debug|Any CPU
		{FF17FA52-F0EF-4DF5-A464-1B90BD9BB704}.Release|Any CPU.ActiveCfg = Release|Any CPU
		{FF17FA52-F0EF-4DF5-A464-1B90BD9BB704}.Release|Any CPU.Build.0 = Release|Any CPU
	EndGlobalSection
	GlobalSection(SolutionProperties) = preSolution
		HideSolutionNode = FALSE
	EndGlobalSection
	GlobalSection(NestedProjects) = preSolution
		{047190F4-8D51-47EE-9C6A-D627DA9C1477} = {CB3D9864-D919-41FF-ACAC-6A09B8E7C149}
		{A96C6FF7-82D4-418A-8E21-3C2A6598F33E} = {CB3D9864-D919-41FF-ACAC-6A09B8E7C149}
		{CF4C766B-E79E-4074-842D-7A624D11A905} = {97B1EAFB-4705-48E6-92B1-6F50739043A7}
		{3F7509D9-3A9B-4FBD-B563-5FCEF24C81AA} = {97B1EAFB-4705-48E6-92B1-6F50739043A7}
		{9C0EA9C2-D8F9-4B05-859C-CA80AD8FAB5D} = {97B1EAFB-4705-48E6-92B1-6F50739043A7}
		{FF17FA52-F0EF-4DF5-A464-1B90BD9BB704} = {97B1EAFB-4705-48E6-92B1-6F50739043A7}
	EndGlobalSection
	GlobalSection(ExtensibilityGlobals) = postSolution
		SolutionGuid = {03B68E40-438E-4BA8-8934-66463CFD0DAA}
	EndGlobalSection
EndGlobal
